// !$*UTF8*$!
{
	archiveVersion = 1;
	classes = {
	};
	objectVersion = 48;
	objects = {

/* Begin PBXBuildFile section */
		31615FE41F9BDE0F002A3ECF /* AppDelegate.swift in Sources */ = {isa = PBXBuildFile; fileRef = 31615FE31F9BDE0F002A3ECF /* AppDelegate.swift */; };
		31615FE61F9BDE0F002A3ECF /* GameScene.sks in Resources */ = {isa = PBXBuildFile; fileRef = 31615FE51F9BDE0F002A3ECF /* GameScene.sks */; };
		31615FE81F9BDE0F002A3ECF /* Actions.sks in Resources */ = {isa = PBXBuildFile; fileRef = 31615FE71F9BDE0F002A3ECF /* Actions.sks */; };
		31615FEA1F9BDE0F002A3ECF /* GameScene.swift in Sources */ = {isa = PBXBuildFile; fileRef = 31615FE91F9BDE0F002A3ECF /* GameScene.swift */; };
		31615FEC1F9BDE0F002A3ECF /* GameViewController.swift in Sources */ = {isa = PBXBuildFile; fileRef = 31615FEB1F9BDE0F002A3ECF /* GameViewController.swift */; };
		31615FEF1F9BDE0F002A3ECF /* Main.storyboard in Resources */ = {isa = PBXBuildFile; fileRef = 31615FED1F9BDE0F002A3ECF /* Main.storyboard */; };
		31615FF11F9BDE0F002A3ECF /* Assets.xcassets in Resources */ = {isa = PBXBuildFile; fileRef = 31615FF01F9BDE0F002A3ECF /* Assets.xcassets */; };
		31615FF41F9BDE0F002A3ECF /* LaunchScreen.storyboard in Resources */ = {isa = PBXBuildFile; fileRef = 31615FF21F9BDE0F002A3ECF /* LaunchScreen.storyboard */; };
		31615FFF1F9BDE10002A3ECF /* SwiftAlgorithmsTests.swift in Sources */ = {isa = PBXBuildFile; fileRef = 31615FFE1F9BDE10002A3ECF /* SwiftAlgorithmsTests.swift */; };
		3161600A1F9BDE10002A3ECF /* SwiftAlgorithmsUITests.swift in Sources */ = {isa = PBXBuildFile; fileRef = 316160091F9BDE10002A3ECF /* SwiftAlgorithmsUITests.swift */; };
		316160191F9BECF4002A3ECF /* OldHeap.swift in Sources */ = {isa = PBXBuildFile; fileRef = 316160181F9BECF4002A3ECF /* OldHeap.swift */; };
		3161601B1F9BED77002A3ECF /* AlgoArray.swift in Sources */ = {isa = PBXBuildFile; fileRef = 3161601A1F9BED77002A3ECF /* AlgoArray.swift */; };
		3161601E1F9BEDB7002A3ECF /* ArrayItem.swift in Sources */ = {isa = PBXBuildFile; fileRef = 3161601D1F9BEDB7002A3ECF /* ArrayItem.swift */; };
		31E3C9791FCE5C1800DBF4CA /* Test.swift in Sources */ = {isa = PBXBuildFile; fileRef = 31E3C9781FCE5C1800DBF4CA /* Test.swift */; };
		CE052EF22197BA7700F2017C /* AVLTree.swift in Sources */ = {isa = PBXBuildFile; fileRef = CE052EF12197BA7700F2017C /* AVLTree.swift */; };
		CE052EF42198931300F2017C /* Heap.swift in Sources */ = {isa = PBXBuildFile; fileRef = CE052EF32198931300F2017C /* Heap.swift */; };
		CE052EF8219896A900F2017C /* HeapTests.swift in Sources */ = {isa = PBXBuildFile; fileRef = CE052EF7219896A900F2017C /* HeapTests.swift */; };
		CE052EFC2198C40C00F2017C /* HeapSort.swift in Sources */ = {isa = PBXBuildFile; fileRef = CE052EFB2198C40C00F2017C /* HeapSort.swift */; };
		CE1A8DF1218E65B100611FD2 /* AVLNode.old.swift in Sources */ = {isa = PBXBuildFile; fileRef = CE1A8DF0218E65B100611FD2 /* AVLNode.old.swift */; };
		CE234007218FB55700463D2F /* AVLNodeTests.swift in Sources */ = {isa = PBXBuildFile; fileRef = CE234006218FB55700463D2F /* AVLNodeTests.swift */; };
		CEDFD645218D04EE009290F6 /* Stack.swift in Sources */ = {isa = PBXBuildFile; fileRef = CEDFD644218D04EE009290F6 /* Stack.swift */; };
		CEDFD647218D04F5009290F6 /* Queue.swift in Sources */ = {isa = PBXBuildFile; fileRef = CEDFD646218D04F5009290F6 /* Queue.swift */; };
		CEDFD649218D29D5009290F6 /* BSTNode.swift in Sources */ = {isa = PBXBuildFile; fileRef = CEDFD648218D29D5009290F6 /* BSTNode.swift */; };
		CEDFD651218DF631009290F6 /* StackTests.swift in Sources */ = {isa = PBXBuildFile; fileRef = CEDFD650218DF631009290F6 /* StackTests.swift */; };
		CEDFD653218DF63A009290F6 /* QueueTests.swift in Sources */ = {isa = PBXBuildFile; fileRef = CEDFD652218DF63A009290F6 /* QueueTests.swift */; };
		CEDFD655218DF645009290F6 /* BinarySearchTreeTests.swift in Sources */ = {isa = PBXBuildFile; fileRef = CEDFD654218DF645009290F6 /* BinarySearchTreeTests.swift */; };
		CEDFD657218E227F009290F6 /* Tree.swift in Sources */ = {isa = PBXBuildFile; fileRef = CEDFD656218E227F009290F6 /* Tree.swift */; };
/* End PBXBuildFile section */

/* Begin PBXContainerItemProxy section */
		31615FFB1F9BDE10002A3ECF /* PBXContainerItemProxy */ = {
			isa = PBXContainerItemProxy;
			containerPortal = 31615FD81F9BDE0F002A3ECF /* Project object */;
			proxyType = 1;
			remoteGlobalIDString = 31615FDF1F9BDE0F002A3ECF;
			remoteInfo = SwiftAlgorithms;
		};
		316160061F9BDE10002A3ECF /* PBXContainerItemProxy */ = {
			isa = PBXContainerItemProxy;
			containerPortal = 31615FD81F9BDE0F002A3ECF /* Project object */;
			proxyType = 1;
			remoteGlobalIDString = 31615FDF1F9BDE0F002A3ECF;
			remoteInfo = SwiftAlgorithms;
		};
/* End PBXContainerItemProxy section */

/* Begin PBXFileReference section */
		31615FE01F9BDE0F002A3ECF /* SwiftAlgorithms.app */ = {isa = PBXFileReference; explicitFileType = wrapper.application; includeInIndex = 0; path = SwiftAlgorithms.app; sourceTree = BUILT_PRODUCTS_DIR; };
		31615FE31F9BDE0F002A3ECF /* AppDelegate.swift */ = {isa = PBXFileReference; lastKnownFileType = sourcecode.swift; path = AppDelegate.swift; sourceTree = "<group>"; };
		31615FE51F9BDE0F002A3ECF /* GameScene.sks */ = {isa = PBXFileReference; lastKnownFileType = file.sks; path = GameScene.sks; sourceTree = "<group>"; };
		31615FE71F9BDE0F002A3ECF /* Actions.sks */ = {isa = PBXFileReference; lastKnownFileType = file.sks; path = Actions.sks; sourceTree = "<group>"; };
		31615FE91F9BDE0F002A3ECF /* GameScene.swift */ = {isa = PBXFileReference; lastKnownFileType = sourcecode.swift; path = GameScene.swift; sourceTree = "<group>"; };
		31615FEB1F9BDE0F002A3ECF /* GameViewController.swift */ = {isa = PBXFileReference; lastKnownFileType = sourcecode.swift; path = GameViewController.swift; sourceTree = "<group>"; };
		31615FEE1F9BDE0F002A3ECF /* Base */ = {isa = PBXFileReference; lastKnownFileType = file.storyboard; name = Base; path = Base.lproj/Main.storyboard; sourceTree = "<group>"; };
		31615FF01F9BDE0F002A3ECF /* Assets.xcassets */ = {isa = PBXFileReference; lastKnownFileType = folder.assetcatalog; path = Assets.xcassets; sourceTree = "<group>"; };
		31615FF31F9BDE0F002A3ECF /* Base */ = {isa = PBXFileReference; lastKnownFileType = file.storyboard; name = Base; path = Base.lproj/LaunchScreen.storyboard; sourceTree = "<group>"; };
		31615FF51F9BDE0F002A3ECF /* Info.plist */ = {isa = PBXFileReference; lastKnownFileType = text.plist.xml; path = Info.plist; sourceTree = "<group>"; };
		31615FFA1F9BDE0F002A3ECF /* SwiftAlgorithmsTests.xctest */ = {isa = PBXFileReference; explicitFileType = wrapper.cfbundle; includeInIndex = 0; path = SwiftAlgorithmsTests.xctest; sourceTree = BUILT_PRODUCTS_DIR; };
		31615FFE1F9BDE10002A3ECF /* SwiftAlgorithmsTests.swift */ = {isa = PBXFileReference; lastKnownFileType = sourcecode.swift; path = SwiftAlgorithmsTests.swift; sourceTree = "<group>"; };
		316160001F9BDE10002A3ECF /* Info.plist */ = {isa = PBXFileReference; lastKnownFileType = text.plist.xml; path = Info.plist; sourceTree = "<group>"; };
		316160051F9BDE10002A3ECF /* SwiftAlgorithmsUITests.xctest */ = {isa = PBXFileReference; explicitFileType = wrapper.cfbundle; includeInIndex = 0; path = SwiftAlgorithmsUITests.xctest; sourceTree = BUILT_PRODUCTS_DIR; };
		316160091F9BDE10002A3ECF /* SwiftAlgorithmsUITests.swift */ = {isa = PBXFileReference; lastKnownFileType = sourcecode.swift; path = SwiftAlgorithmsUITests.swift; sourceTree = "<group>"; };
		3161600B1F9BDE10002A3ECF /* Info.plist */ = {isa = PBXFileReference; lastKnownFileType = text.plist.xml; path = Info.plist; sourceTree = "<group>"; };
		316160181F9BECF4002A3ECF /* OldHeap.swift */ = {isa = PBXFileReference; lastKnownFileType = sourcecode.swift; path = OldHeap.swift; sourceTree = "<group>"; };
		3161601A1F9BED77002A3ECF /* AlgoArray.swift */ = {isa = PBXFileReference; lastKnownFileType = sourcecode.swift; path = AlgoArray.swift; sourceTree = "<group>"; };
		3161601D1F9BEDB7002A3ECF /* ArrayItem.swift */ = {isa = PBXFileReference; lastKnownFileType = sourcecode.swift; path = ArrayItem.swift; sourceTree = "<group>"; };
		31E3C9781FCE5C1800DBF4CA /* Test.swift */ = {isa = PBXFileReference; lastKnownFileType = sourcecode.swift; path = Test.swift; sourceTree = "<group>"; };
		CE052EF12197BA7700F2017C /* AVLTree.swift */ = {isa = PBXFileReference; lastKnownFileType = sourcecode.swift; path = AVLTree.swift; sourceTree = "<group>"; };
		CE052EF32198931300F2017C /* Heap.swift */ = {isa = PBXFileReference; lastKnownFileType = sourcecode.swift; path = Heap.swift; sourceTree = "<group>"; };
		CE052EF7219896A900F2017C /* HeapTests.swift */ = {isa = PBXFileReference; lastKnownFileType = sourcecode.swift; path = HeapTests.swift; sourceTree = "<group>"; };
		CE052EFB2198C40C00F2017C /* HeapSort.swift */ = {isa = PBXFileReference; lastKnownFileType = sourcecode.swift; path = HeapSort.swift; sourceTree = "<group>"; };
		CE1A8DF0218E65B100611FD2 /* AVLNode.old.swift */ = {isa = PBXFileReference; lastKnownFileType = sourcecode.swift; path = AVLNode.old.swift; sourceTree = "<group>"; };
		CE234006218FB55700463D2F /* AVLNodeTests.swift */ = {isa = PBXFileReference; lastKnownFileType = sourcecode.swift; path = AVLNodeTests.swift; sourceTree = "<group>"; };
		CEDFD644218D04EE009290F6 /* Stack.swift */ = {isa = PBXFileReference; lastKnownFileType = sourcecode.swift; path = Stack.swift; sourceTree = "<group>"; };
		CEDFD646218D04F5009290F6 /* Queue.swift */ = {isa = PBXFileReference; lastKnownFileType = sourcecode.swift; path = Queue.swift; sourceTree = "<group>"; };
		CEDFD648218D29D5009290F6 /* BSTNode.swift */ = {isa = PBXFileReference; lastKnownFileType = sourcecode.swift; path = BSTNode.swift; sourceTree = "<group>"; };
		CEDFD650218DF631009290F6 /* StackTests.swift */ = {isa = PBXFileReference; lastKnownFileType = sourcecode.swift; path = StackTests.swift; sourceTree = "<group>"; };
		CEDFD652218DF63A009290F6 /* QueueTests.swift */ = {isa = PBXFileReference; lastKnownFileType = sourcecode.swift; path = QueueTests.swift; sourceTree = "<group>"; };
		CEDFD654218DF645009290F6 /* BinarySearchTreeTests.swift */ = {isa = PBXFileReference; lastKnownFileType = sourcecode.swift; path = BinarySearchTreeTests.swift; sourceTree = "<group>"; };
		CEDFD656218E227F009290F6 /* Tree.swift */ = {isa = PBXFileReference; lastKnownFileType = sourcecode.swift; path = Tree.swift; sourceTree = "<group>"; };
/* End PBXFileReference section */

/* Begin PBXFrameworksBuildPhase section */
		31615FDD1F9BDE0F002A3ECF /* Frameworks */ = {
			isa = PBXFrameworksBuildPhase;
			buildActionMask = 2147483647;
			files = (
			);
			runOnlyForDeploymentPostprocessing = 0;
		};
		31615FF71F9BDE0F002A3ECF /* Frameworks */ = {
			isa = PBXFrameworksBuildPhase;
			buildActionMask = 2147483647;
			files = (
			);
			runOnlyForDeploymentPostprocessing = 0;
		};
		316160021F9BDE10002A3ECF /* Frameworks */ = {
			isa = PBXFrameworksBuildPhase;
			buildActionMask = 2147483647;
			files = (
			);
			runOnlyForDeploymentPostprocessing = 0;
		};
/* End PBXFrameworksBuildPhase section */

/* Begin PBXGroup section */
		31615FD71F9BDE0F002A3ECF = {
			isa = PBXGroup;
			children = (
				31615FE21F9BDE0F002A3ECF /* SwiftAlgorithms */,
				31615FFD1F9BDE10002A3ECF /* SwiftAlgorithmsTests */,
				316160081F9BDE10002A3ECF /* SwiftAlgorithmsUITests */,
				31615FE11F9BDE0F002A3ECF /* Products */,
			);
			sourceTree = "<group>";
		};
		31615FE11F9BDE0F002A3ECF /* Products */ = {
			isa = PBXGroup;
			children = (
				31615FE01F9BDE0F002A3ECF /* SwiftAlgorithms.app */,
				31615FFA1F9BDE0F002A3ECF /* SwiftAlgorithmsTests.xctest */,
				316160051F9BDE10002A3ECF /* SwiftAlgorithmsUITests.xctest */,
			);
			name = Products;
			sourceTree = "<group>";
		};
		31615FE21F9BDE0F002A3ECF /* SwiftAlgorithms */ = {
			isa = PBXGroup;
			children = (
				CE052EFA2198C3FC00F2017C /* Algorithms */,
				3161601C1F9BEDA8002A3ECF /* algoarray */,
				316160171F9BECEA002A3ECF /* DataStructures */,
				31615FE31F9BDE0F002A3ECF /* AppDelegate.swift */,
				31615FE51F9BDE0F002A3ECF /* GameScene.sks */,
				31615FE71F9BDE0F002A3ECF /* Actions.sks */,
				31615FE91F9BDE0F002A3ECF /* GameScene.swift */,
				31615FEB1F9BDE0F002A3ECF /* GameViewController.swift */,
				31615FED1F9BDE0F002A3ECF /* Main.storyboard */,
				31615FF01F9BDE0F002A3ECF /* Assets.xcassets */,
				31615FF21F9BDE0F002A3ECF /* LaunchScreen.storyboard */,
				31615FF51F9BDE0F002A3ECF /* Info.plist */,
			);
			path = SwiftAlgorithms;
			sourceTree = "<group>";
		};
		31615FFD1F9BDE10002A3ECF /* SwiftAlgorithmsTests */ = {
			isa = PBXGroup;
			children = (
				31615FFE1F9BDE10002A3ECF /* SwiftAlgorithmsTests.swift */,
				316160001F9BDE10002A3ECF /* Info.plist */,
				CEDFD650218DF631009290F6 /* StackTests.swift */,
				CEDFD652218DF63A009290F6 /* QueueTests.swift */,
				CEDFD654218DF645009290F6 /* BinarySearchTreeTests.swift */,
				CE234006218FB55700463D2F /* AVLNodeTests.swift */,
				CE052EF7219896A900F2017C /* HeapTests.swift */,
			);
			path = SwiftAlgorithmsTests;
			sourceTree = "<group>";
		};
		316160081F9BDE10002A3ECF /* SwiftAlgorithmsUITests */ = {
			isa = PBXGroup;
			children = (
				316160091F9BDE10002A3ECF /* SwiftAlgorithmsUITests.swift */,
				3161600B1F9BDE10002A3ECF /* Info.plist */,
			);
			path = SwiftAlgorithmsUITests;
			sourceTree = "<group>";
		};
		316160171F9BECEA002A3ECF /* DataStructures */ = {
			isa = PBXGroup;
			children = (
				CE052EF92198B63D00F2017C /* old */,
				31E3C9781FCE5C1800DBF4CA /* Test.swift */,
				CEDFD646218D04F5009290F6 /* Queue.swift */,
				CEDFD644218D04EE009290F6 /* Stack.swift */,
				CEDFD648218D29D5009290F6 /* BSTNode.swift */,
				CEDFD656218E227F009290F6 /* Tree.swift */,
				CE052EF12197BA7700F2017C /* AVLTree.swift */,
				CE052EF32198931300F2017C /* Heap.swift */,
			);
			path = DataStructures;
			sourceTree = "<group>";
		};
		3161601C1F9BEDA8002A3ECF /* algoarray */ = {
			isa = PBXGroup;
			children = (
				3161601A1F9BED77002A3ECF /* AlgoArray.swift */,
				3161601D1F9BEDB7002A3ECF /* ArrayItem.swift */,
			);
			path = algoarray;
			sourceTree = "<group>";
		};
		CE052EF92198B63D00F2017C /* old */ = {
			isa = PBXGroup;
			children = (
				316160181F9BECF4002A3ECF /* OldHeap.swift */,
				CE1A8DF0218E65B100611FD2 /* AVLNode.old.swift */,
			);
			path = old;
			sourceTree = "<group>";
		};
		CE052EFA2198C3FC00F2017C /* Algorithms */ = {
			isa = PBXGroup;
			children = (
				CE052EFB2198C40C00F2017C /* HeapSort.swift */,
			);
			path = Algorithms;
			sourceTree = "<group>";
		};
/* End PBXGroup section */

/* Begin PBXNativeTarget section */
		31615FDF1F9BDE0F002A3ECF /* SwiftAlgorithms */ = {
			isa = PBXNativeTarget;
			buildConfigurationList = 3161600E1F9BDE10002A3ECF /* Build configuration list for PBXNativeTarget "SwiftAlgorithms" */;
			buildPhases = (
				31615FDC1F9BDE0F002A3ECF /* Sources */,
				31615FDD1F9BDE0F002A3ECF /* Frameworks */,
				31615FDE1F9BDE0F002A3ECF /* Resources */,
			);
			buildRules = (
			);
			dependencies = (
			);
			name = SwiftAlgorithms;
			productName = SwiftAlgorithms;
			productReference = 31615FE01F9BDE0F002A3ECF /* SwiftAlgorithms.app */;
			productType = "com.apple.product-type.application";
		};
		31615FF91F9BDE0F002A3ECF /* SwiftAlgorithmsTests */ = {
			isa = PBXNativeTarget;
			buildConfigurationList = 316160111F9BDE10002A3ECF /* Build configuration list for PBXNativeTarget "SwiftAlgorithmsTests" */;
			buildPhases = (
				31615FF61F9BDE0F002A3ECF /* Sources */,
				31615FF71F9BDE0F002A3ECF /* Frameworks */,
				31615FF81F9BDE0F002A3ECF /* Resources */,
			);
			buildRules = (
			);
			dependencies = (
				31615FFC1F9BDE10002A3ECF /* PBXTargetDependency */,
			);
			name = SwiftAlgorithmsTests;
			productName = SwiftAlgorithmsTests;
			productReference = 31615FFA1F9BDE0F002A3ECF /* SwiftAlgorithmsTests.xctest */;
			productType = "com.apple.product-type.bundle.unit-test";
		};
		316160041F9BDE10002A3ECF /* SwiftAlgorithmsUITests */ = {
			isa = PBXNativeTarget;
			buildConfigurationList = 316160141F9BDE10002A3ECF /* Build configuration list for PBXNativeTarget "SwiftAlgorithmsUITests" */;
			buildPhases = (
				316160011F9BDE10002A3ECF /* Sources */,
				316160021F9BDE10002A3ECF /* Frameworks */,
				316160031F9BDE10002A3ECF /* Resources */,
			);
			buildRules = (
			);
			dependencies = (
				316160071F9BDE10002A3ECF /* PBXTargetDependency */,
			);
			name = SwiftAlgorithmsUITests;
			productName = SwiftAlgorithmsUITests;
			productReference = 316160051F9BDE10002A3ECF /* SwiftAlgorithmsUITests.xctest */;
			productType = "com.apple.product-type.bundle.ui-testing";
		};
/* End PBXNativeTarget section */

/* Begin PBXProject section */
		31615FD81F9BDE0F002A3ECF /* Project object */ = {
			isa = PBXProject;
			attributes = {
				LastSwiftUpdateCheck = 0900;
				LastUpgradeCheck = 0900;
				ORGANIZATIONNAME = "Shalom Friss";
				TargetAttributes = {
					31615FDF1F9BDE0F002A3ECF = {
						CreatedOnToolsVersion = 9.0;
						ProvisioningStyle = Automatic;
					};
					31615FF91F9BDE0F002A3ECF = {
						CreatedOnToolsVersion = 9.0;
						ProvisioningStyle = Automatic;
						TestTargetID = 31615FDF1F9BDE0F002A3ECF;
					};
					316160041F9BDE10002A3ECF = {
						CreatedOnToolsVersion = 9.0;
						ProvisioningStyle = Automatic;
						TestTargetID = 31615FDF1F9BDE0F002A3ECF;
					};
				};
			};
			buildConfigurationList = 31615FDB1F9BDE0F002A3ECF /* Build configuration list for PBXProject "SwiftAlgorithms" */;
			compatibilityVersion = "Xcode 8.0";
			developmentRegion = en;
			hasScannedForEncodings = 0;
			knownRegions = (
				en,
				Base,
			);
			mainGroup = 31615FD71F9BDE0F002A3ECF;
			productRefGroup = 31615FE11F9BDE0F002A3ECF /* Products */;
			projectDirPath = "";
			projectRoot = "";
			targets = (
				31615FDF1F9BDE0F002A3ECF /* SwiftAlgorithms */,
				31615FF91F9BDE0F002A3ECF /* SwiftAlgorithmsTests */,
				316160041F9BDE10002A3ECF /* SwiftAlgorithmsUITests */,
			);
		};
/* End PBXProject section */

/* Begin PBXResourcesBuildPhase section */
		31615FDE1F9BDE0F002A3ECF /* Resources */ = {
			isa = PBXResourcesBuildPhase;
			buildActionMask = 2147483647;
			files = (
				31615FEF1F9BDE0F002A3ECF /* Main.storyboard in Resources */,
				31615FE61F9BDE0F002A3ECF /* GameScene.sks in Resources */,
				31615FF11F9BDE0F002A3ECF /* Assets.xcassets in Resources */,
				31615FF41F9BDE0F002A3ECF /* LaunchScreen.storyboard in Resources */,
				31615FE81F9BDE0F002A3ECF /* Actions.sks in Resources */,
			);
			runOnlyForDeploymentPostprocessing = 0;
		};
		31615FF81F9BDE0F002A3ECF /* Resources */ = {
			isa = PBXResourcesBuildPhase;
			buildActionMask = 2147483647;
			files = (
			);
			runOnlyForDeploymentPostprocessing = 0;
		};
		316160031F9BDE10002A3ECF /* Resources */ = {
			isa = PBXResourcesBuildPhase;
			buildActionMask = 2147483647;
			files = (
			);
			runOnlyForDeploymentPostprocessing = 0;
		};
/* End PBXResourcesBuildPhase section */

/* Begin PBXSourcesBuildPhase section */
		31615FDC1F9BDE0F002A3ECF /* Sources */ = {
			isa = PBXSourcesBuildPhase;
			buildActionMask = 2147483647;
			files = (
				31615FEA1F9BDE0F002A3ECF /* GameScene.swift in Sources */,
				CE052EF22197BA7700F2017C /* AVLTree.swift in Sources */,
				CE1A8DF1218E65B100611FD2 /* AVLNode.old.swift in Sources */,
				31615FEC1F9BDE0F002A3ECF /* GameViewController.swift in Sources */,
				CE052EFC2198C40C00F2017C /* HeapSort.swift in Sources */,
				31615FE41F9BDE0F002A3ECF /* AppDelegate.swift in Sources */,
				31E3C9791FCE5C1800DBF4CA /* Test.swift in Sources */,
				CEDFD645218D04EE009290F6 /* Stack.swift in Sources */,
				CEDFD649218D29D5009290F6 /* BSTNode.swift in Sources */,
				CEDFD657218E227F009290F6 /* Tree.swift in Sources */,
				3161601B1F9BED77002A3ECF /* AlgoArray.swift in Sources */,
				3161601E1F9BEDB7002A3ECF /* ArrayItem.swift in Sources */,
				CEDFD647218D04F5009290F6 /* Queue.swift in Sources */,
				316160191F9BECF4002A3ECF /* OldHeap.swift in Sources */,
				CE052EF42198931300F2017C /* Heap.swift in Sources */,
			);
			runOnlyForDeploymentPostprocessing = 0;
		};
		31615FF61F9BDE0F002A3ECF /* Sources */ = {
			isa = PBXSourcesBuildPhase;
			buildActionMask = 2147483647;
			files = (
				CEDFD655218DF645009290F6 /* BinarySearchTreeTests.swift in Sources */,
				CEDFD651218DF631009290F6 /* StackTests.swift in Sources */,
				CEDFD653218DF63A009290F6 /* QueueTests.swift in Sources */,
				CE052EF8219896A900F2017C /* HeapTests.swift in Sources */,
				CE234007218FB55700463D2F /* AVLNodeTests.swift in Sources */,
				31615FFF1F9BDE10002A3ECF /* SwiftAlgorithmsTests.swift in Sources */,
			);
			runOnlyForDeploymentPostprocessing = 0;
		};
		316160011F9BDE10002A3ECF /* Sources */ = {
			isa = PBXSourcesBuildPhase;
			buildActionMask = 2147483647;
			files = (
				3161600A1F9BDE10002A3ECF /* SwiftAlgorithmsUITests.swift in Sources */,
			);
			runOnlyForDeploymentPostprocessing = 0;
		};
/* End PBXSourcesBuildPhase section */

/* Begin PBXTargetDependency section */
		31615FFC1F9BDE10002A3ECF /* PBXTargetDependency */ = {
			isa = PBXTargetDependency;
			target = 31615FDF1F9BDE0F002A3ECF /* SwiftAlgorithms */;
			targetProxy = 31615FFB1F9BDE10002A3ECF /* PBXContainerItemProxy */;
		};
		316160071F9BDE10002A3ECF /* PBXTargetDependency */ = {
			isa = PBXTargetDependency;
			target = 31615FDF1F9BDE0F002A3ECF /* SwiftAlgorithms */;
			targetProxy = 316160061F9BDE10002A3ECF /* PBXContainerItemProxy */;
		};
/* End PBXTargetDependency section */

/* Begin PBXVariantGroup section */
		31615FED1F9BDE0F002A3ECF /* Main.storyboard */ = {
			isa = PBXVariantGroup;
			children = (
				31615FEE1F9BDE0F002A3ECF /* Base */,
			);
			name = Main.storyboard;
			sourceTree = "<group>";
		};
		31615FF21F9BDE0F002A3ECF /* LaunchScreen.storyboard */ = {
			isa = PBXVariantGroup;
			children = (
				31615FF31F9BDE0F002A3ECF /* Base */,
			);
			name = LaunchScreen.storyboard;
			sourceTree = "<group>";
		};
/* End PBXVariantGroup section */

/* Begin XCBuildConfiguration section */
		3161600C1F9BDE10002A3ECF /* Debug */ = {
			isa = XCBuildConfiguration;
			buildSettings = {
				ALWAYS_SEARCH_USER_PATHS = NO;
				CLANG_ANALYZER_NONNULL = YES;
				CLANG_ANALYZER_NUMBER_OBJECT_CONVERSION = YES_AGGRESSIVE;
				CLANG_CXX_LANGUAGE_STANDARD = "gnu++14";
				CLANG_CXX_LIBRARY = "libc++";
				CLANG_ENABLE_MODULES = YES;
				CLANG_ENABLE_OBJC_ARC = YES;
				CLANG_WARN_BLOCK_CAPTURE_AUTORELEASING = YES;
				CLANG_WARN_BOOL_CONVERSION = YES;
				CLANG_WARN_COMMA = YES;
				CLANG_WARN_CONSTANT_CONVERSION = YES;
				CLANG_WARN_DIRECT_OBJC_ISA_USAGE = YES_ERROR;
				CLANG_WARN_DOCUMENTATION_COMMENTS = YES;
				CLANG_WARN_EMPTY_BODY = YES;
				CLANG_WARN_ENUM_CONVERSION = YES;
				CLANG_WARN_INFINITE_RECURSION = YES;
				CLANG_WARN_INT_CONVERSION = YES;
				CLANG_WARN_NON_LITERAL_NULL_CONVERSION = YES;
				CLANG_WARN_OBJC_LITERAL_CONVERSION = YES;
				CLANG_WARN_OBJC_ROOT_CLASS = YES_ERROR;
				CLANG_WARN_RANGE_LOOP_ANALYSIS = YES;
				CLANG_WARN_STRICT_PROTOTYPES = YES;
				CLANG_WARN_SUSPICIOUS_MOVE = YES;
				CLANG_WARN_UNGUARDED_AVAILABILITY = YES_AGGRESSIVE;
				CLANG_WARN_UNREACHABLE_CODE = YES;
				CLANG_WARN__DUPLICATE_METHOD_MATCH = YES;
				CODE_SIGN_IDENTITY = "iPhone Developer";
				COPY_PHASE_STRIP = NO;
				DEBUG_INFORMATION_FORMAT = dwarf;
				ENABLE_STRICT_OBJC_MSGSEND = YES;
				ENABLE_TESTABILITY = YES;
				GCC_C_LANGUAGE_STANDARD = gnu11;
				GCC_DYNAMIC_NO_PIC = NO;
				GCC_NO_COMMON_BLOCKS = YES;
				GCC_OPTIMIZATION_LEVEL = 0;
				GCC_PREPROCESSOR_DEFINITIONS = (
					"DEBUG=1",
					"$(inherited)",
				);
				GCC_WARN_64_TO_32_BIT_CONVERSION = YES;
				GCC_WARN_ABOUT_RETURN_TYPE = YES_ERROR;
				GCC_WARN_UNDECLARED_SELECTOR = YES;
				GCC_WARN_UNINITIALIZED_AUTOS = YES_AGGRESSIVE;
				GCC_WARN_UNUSED_FUNCTION = YES;
				GCC_WARN_UNUSED_VARIABLE = YES;
				IPHONEOS_DEPLOYMENT_TARGET = 11.0;
				MTL_ENABLE_DEBUG_INFO = YES;
				ONLY_ACTIVE_ARCH = YES;
				SDKROOT = iphoneos;
				SWIFT_ACTIVE_COMPILATION_CONDITIONS = DEBUG;
				SWIFT_OPTIMIZATION_LEVEL = "-Onone";
			};
			name = Debug;
		};
		3161600D1F9BDE10002A3ECF /* Release */ = {
			isa = XCBuildConfiguration;
			buildSettings = {
				ALWAYS_SEARCH_USER_PATHS = NO;
				CLANG_ANALYZER_NONNULL = YES;
				CLANG_ANALYZER_NUMBER_OBJECT_CONVERSION = YES_AGGRESSIVE;
				CLANG_CXX_LANGUAGE_STANDARD = "gnu++14";
				CLANG_CXX_LIBRARY = "libc++";
				CLANG_ENABLE_MODULES = YES;
				CLANG_ENABLE_OBJC_ARC = YES;
				CLANG_WARN_BLOCK_CAPTURE_AUTORELEASING = YES;
				CLANG_WARN_BOOL_CONVERSION = YES;
				CLANG_WARN_COMMA = YES;
				CLANG_WARN_CONSTANT_CONVERSION = YES;
				CLANG_WARN_DIRECT_OBJC_ISA_USAGE = YES_ERROR;
				CLANG_WARN_DOCUMENTATION_COMMENTS = YES;
				CLANG_WARN_EMPTY_BODY = YES;
				CLANG_WARN_ENUM_CONVERSION = YES;
				CLANG_WARN_INFINITE_RECURSION = YES;
				CLANG_WARN_INT_CONVERSION = YES;
				CLANG_WARN_NON_LITERAL_NULL_CONVERSION = YES;
				CLANG_WARN_OBJC_LITERAL_CONVERSION = YES;
				CLANG_WARN_OBJC_ROOT_CLASS = YES_ERROR;
				CLANG_WARN_RANGE_LOOP_ANALYSIS = YES;
				CLANG_WARN_STRICT_PROTOTYPES = YES;
				CLANG_WARN_SUSPICIOUS_MOVE = YES;
				CLANG_WARN_UNGUARDED_AVAILABILITY = YES_AGGRESSIVE;
				CLANG_WARN_UNREACHABLE_CODE = YES;
				CLANG_WARN__DUPLICATE_METHOD_MATCH = YES;
				CODE_SIGN_IDENTITY = "iPhone Developer";
				COPY_PHASE_STRIP = NO;
				DEBUG_INFORMATION_FORMAT = "dwarf-with-dsym";
				ENABLE_NS_ASSERTIONS = NO;
				ENABLE_STRICT_OBJC_MSGSEND = YES;
				GCC_C_LANGUAGE_STANDARD = gnu11;
				GCC_NO_COMMON_BLOCKS = YES;
				GCC_WARN_64_TO_32_BIT_CONVERSION = YES;
				GCC_WARN_ABOUT_RETURN_TYPE = YES_ERROR;
				GCC_WARN_UNDECLARED_SELECTOR = YES;
				GCC_WARN_UNINITIALIZED_AUTOS = YES_AGGRESSIVE;
				GCC_WARN_UNUSED_FUNCTION = YES;
				GCC_WARN_UNUSED_VARIABLE = YES;
				IPHONEOS_DEPLOYMENT_TARGET = 11.0;
				MTL_ENABLE_DEBUG_INFO = NO;
				SDKROOT = iphoneos;
				SWIFT_OPTIMIZATION_LEVEL = "-Owholemodule";
				VALIDATE_PRODUCT = YES;
			};
			name = Release;
		};
		3161600F1F9BDE10002A3ECF /* Debug */ = {
			isa = XCBuildConfiguration;
			buildSettings = {
				ASSETCATALOG_COMPILER_APPICON_NAME = AppIcon;
				CODE_SIGN_STYLE = Automatic;
				DEVELOPMENT_TEAM = 8NN27Z7TQR;
				INFOPLIST_FILE = SwiftAlgorithms/Info.plist;
				LD_RUNPATH_SEARCH_PATHS = "$(inherited) @executable_path/Frameworks";
				PRODUCT_BUNDLE_IDENTIFIER = com.knucklemedia.SwiftAlgorithms;
				PRODUCT_NAME = "$(TARGET_NAME)";
				SWIFT_VERSION = 4.0;
				TARGETED_DEVICE_FAMILY = "1,2";
			};
			name = Debug;
		};
		316160101F9BDE10002A3ECF /* Release */ = {
			isa = XCBuildConfiguration;
			buildSettings = {
				ASSETCATALOG_COMPILER_APPICON_NAME = AppIcon;
				CODE_SIGN_STYLE = Automatic;
				DEVELOPMENT_TEAM = 8NN27Z7TQR;
				INFOPLIST_FILE = SwiftAlgorithms/Info.plist;
				LD_RUNPATH_SEARCH_PATHS = "$(inherited) @executable_path/Frameworks";
				PRODUCT_BUNDLE_IDENTIFIER = com.knucklemedia.SwiftAlgorithms;
				PRODUCT_NAME = "$(TARGET_NAME)";
				SWIFT_VERSION = 4.0;
				TARGETED_DEVICE_FAMILY = "1,2";
			};
			name = Release;
		};
		316160121F9BDE10002A3ECF /* Debug */ = {
			isa = XCBuildConfiguration;
			buildSettings = {
				ALWAYS_EMBED_SWIFT_STANDARD_LIBRARIES = YES;
				BUNDLE_LOADER = "$(TEST_HOST)";
				CODE_SIGN_STYLE = Automatic;
				DEVELOPMENT_TEAM = 8NN27Z7TQR;
				INFOPLIST_FILE = SwiftAlgorithmsTests/Info.plist;
				LD_RUNPATH_SEARCH_PATHS = "$(inherited) @executable_path/Frameworks @loader_path/Frameworks";
				PRODUCT_BUNDLE_IDENTIFIER = com.knucklemedia.SwiftAlgorithmsTests;
				PRODUCT_NAME = "$(TARGET_NAME)";
				SWIFT_VERSION = 4.0;
				TARGETED_DEVICE_FAMILY = "1,2";
				TEST_HOST = "$(BUILT_PRODUCTS_DIR)/SwiftAlgorithms.app/SwiftAlgorithms";
			};
			name = Debug;
		};
		316160131F9BDE10002A3ECF /* Release */ = {
			isa = XCBuildConfiguration;
			buildSettings = {
				ALWAYS_EMBED_SWIFT_STANDARD_LIBRARIES = YES;
				BUNDLE_LOADER = "$(TEST_HOST)";
				CODE_SIGN_STYLE = Automatic;
				DEVELOPMENT_TEAM = 8NN27Z7TQR;
				INFOPLIST_FILE = SwiftAlgorithmsTests/Info.plist;
				LD_RUNPATH_SEARCH_PATHS = "$(inherited) @executable_path/Frameworks @loader_path/Frameworks";
				PRODUCT_BUNDLE_IDENTIFIER = com.knucklemedia.SwiftAlgorithmsTests;
				PRODUCT_NAME = "$(TARGET_NAME)";
				SWIFT_VERSION = 4.0;
				TARGETED_DEVICE_FAMILY = "1,2";
				TEST_HOST = "$(BUILT_PRODUCTS_DIR)/SwiftAlgorithms.app/SwiftAlgorithms";
			};
			name = Release;
		};
		316160151F9BDE10002A3ECF /* Debug */ = {
			isa = XCBuildConfiguration;
			buildSettings = {
				ALWAYS_EMBED_SWIFT_STANDARD_LIBRARIES = YES;
				CODE_SIGN_STYLE = Automatic;
				DEVELOPMENT_TEAM = 8NN27Z7TQR;
				INFOPLIST_FILE = SwiftAlgorithmsUITests/Info.plist;
				LD_RUNPATH_SEARCH_PATHS = "$(inherited) @executable_path/Frameworks @loader_path/Frameworks";
				PRODUCT_BUNDLE_IDENTIFIER = com.knucklemedia.SwiftAlgorithmsUITests;
				PRODUCT_NAME = "$(TARGET_NAME)";
				SWIFT_VERSION = 4.0;
				TARGETED_DEVICE_FAMILY = "1,2";
				TEST_TARGET_NAME = SwiftAlgorithms;
			};
			name = Debug;
		};
		316160161F9BDE10002A3ECF /* Release */ = {
			isa = XCBuildConfiguration;
			buildSettings = {
				ALWAYS_EMBED_SWIFT_STANDARD_LIBRARIES = YES;
				CODE_SIGN_STYLE = Automatic;
				DEVELOPMENT_TEAM = 8NN27Z7TQR;
				INFOPLIST_FILE = SwiftAlgorithmsUITests/Info.plist;
				LD_RUNPATH_SEARCH_PATHS = "$(inherited) @executable_path/Frameworks @loader_path/Frameworks";
				PRODUCT_BUNDLE_IDENTIFIER = com.knucklemedia.SwiftAlgorithmsUITests;
				PRODUCT_NAME = "$(TARGET_NAME)";
				SWIFT_VERSION = 4.0;
				TARGETED_DEVICE_FAMILY = "1,2";
				TEST_TARGET_NAME = SwiftAlgorithms;
			};
			name = Release;
		};
/* End XCBuildConfiguration section */

/* Begin XCConfigurationList section */
		31615FDB1F9BDE0F002A3ECF /* Build configuration list for PBXProject "SwiftAlgorithms" */ = {
			isa = XCConfigurationList;
			buildConfigurations = (
				3161600C1F9BDE10002A3ECF /* Debug */,
				3161600D1F9BDE10002A3ECF /* Release */,
			);
			defaultConfigurationIsVisible = 0;
			defaultConfigurationName = Release;
		};
		3161600E1F9BDE10002A3ECF /* Build configuration list for PBXNativeTarget "SwiftAlgorithms" */ = {
			isa = XCConfigurationList;
			buildConfigurations = (
				3161600F1F9BDE10002A3ECF /* Debug */,
				316160101F9BDE10002A3ECF /* Release */,
			);
			defaultConfigurationIsVisible = 0;
			defaultConfigurationName = Release;
		};
		316160111F9BDE10002A3ECF /* Build configuration list for PBXNativeTarget "SwiftAlgorithmsTests" */ = {
			isa = XCConfigurationList;
			buildConfigurations = (
				316160121F9BDE10002A3ECF /* Debug */,
				316160131F9BDE10002A3ECF /* Release */,
			);
			defaultConfigurationIsVisible = 0;
			defaultConfigurationName = Release;
		};
		316160141F9BDE10002A3ECF /* Build configuration list for PBXNativeTarget "SwiftAlgorithmsUITests" */ = {
			isa = XCConfigurationList;
			buildConfigurations = (
				316160151F9BDE10002A3ECF /* Debug */,
				316160161F9BDE10002A3ECF /* Release */,
			);
			defaultConfigurationIsVisible = 0;
			defaultConfigurationName = Release;
		};
/* End XCConfigurationList section */
	};
	rootObject = 31615FD81F9BDE0F002A3ECF /* Project object */;
}
